
Microsoft Visual Studio Solution File, Format Version 12.00
# Visual Studio Version 16
VisualStudioVersion = 16.0.30503.244
MinimumVisualStudioVersion = 10.0.40219.1
Project("{9A19103F-16F7-4668-BE54-9A1E7A4F7556}") = "TeePee", "TeePee\TeePee.csproj", "{4DE3B5F9-C6BE-4850-BA2B-2F6D7295BC50}"
EndProject
Project("{9A19103F-16F7-4668-BE54-9A1E7A4F7556}") = "TeePee.Tests", "TeePee.Tests\TeePee.Tests.csproj", "{B1BDEF1C-0F5F-48BA-A1F2-99520C6355A1}"
EndProject
Global
	GlobalSection(SolutionConfigurationPlatforms) = preSolution
		Debug|Any CPU = Debug|Any CPU
		Release|Any CPU = Release|Any CPU
	EndGlobalSection
	GlobalSection(ProjectConfigurationPlatforms) = postSolution
		{4DE3B5F9-C6BE-4850-BA2B-2F6D7295BC50}.Debug|Any CPU.ActiveCfg = Debug|Any CPU
		{4DE3B5F9-C6BE-4850-BA2B-2F6D7295BC50}.Debug|Any CPU.Build.0 = Debug|Any CPU
		{4DE3B5F9-C6BE-4850-BA2B-2F6D7295BC50}.Release|Any CPU.ActiveCfg = Release|Any CPU
		{4DE3B5F9-C6BE-4850-BA2B-2F6D7295BC50}.Release|Any CPU.Build.0 = Release|Any CPU
		{B1BDEF1C-0F5F-48BA-A1F2-99520C6355A1}.Debug|Any CPU.ActiveCfg = Debug|Any CPU
		{B1BDEF1C-0F5F-48BA-A1F2-99520C6355A1}.Debug|Any CPU.Build.0 = Debug|Any CPU
		{B1BDEF1C-0F5F-48BA-A1F2-99520C6355A1}.Release|Any CPU.ActiveCfg = Release|Any CPU
		{B1BDEF1C-0F5F-48BA-A1F2-99520C6355A1}.Release|Any CPU.Build.0 = Release|Any CPU
	EndGlobalSection
	GlobalSection(SolutionProperties) = preSolution
		HideSolutionNode = FALSE
	EndGlobalSection
	GlobalSection(ExtensibilityGlobals) = postSolution
		SolutionGuid = {D25696DA-A0F4-4D4B-BA48-1DBE46CE7860}
	EndGlobalSection
EndGlobal
