{
  "version": 1,
  "dependencies": {
    "net10.0": {
      "Swashbuckle.AspNetCore": {
        "type": "Direct",
        "requested": "[10.2.2, )",
        "resolved": "10.2.2",
        "contentHash": "vgXTCFRbRlfCJHE9zAhgd1QJR4AEoEuYm+i7E4xeqa/WNI77JHnNG21/NXdnK5tgpJeQ7pzp/vNYvTpMZDEd1A==",
        "dependencies": {
          "Microsoft.Extensions.ApiDescription.Server": "10.0.0",
          "Swashbuckle.AspNetCore.Swagger": "10.2.2",
          "Swashbuckle.AspNetCore.SwaggerGen": "10.2.2",
          "Swashbuckle.AspNetCore.SwaggerUI": "10.2.2"
        }
      },
      "Microsoft.Extensions.ApiDescription.Server": {
        "type": "Transitive",
        "resolved": "10.0.0",
        "contentHash": "NCWCGiwRwje8773yzPQhvucYnnfeR+ZoB1VRIrIMp4uaeUNw7jvEPHij3HIbwCDuNCrNcphA00KSAR9yD9qmbg=="
      },
      "Microsoft.OpenApi": {
        "type": "Transitive",
        "resolved": "2.7.5",
        "contentHash": "0FA67RSnRM4tcBKqiqVu/HPdZ9+QOKbmeRjxRUGTCjPU4C0bmUhd97Dso7Yild5P7nOV6GxJ2xrK0Kv/O9xp0w=="
      },
      "Swashbuckle.AspNetCore.Swagger": {
        "type": "Transitive",
        "resolved": "10.2.2",
        "contentHash": "XftCYHVoKpi1PO4FjZN4LqFgvcSJPAojTOBCokkEcJLitfAYbaLya1i1XjirnNd7pykK9Nedk3IANyGLVDbYSQ==",
        "dependencies": {
          "Microsoft.OpenApi": "2.7.5"
        }
      },
      "Swashbuckle.AspNetCore.SwaggerGen": {
        "type": "Transitive",
        "resolved": "10.2.2",
        "contentHash": "c0iLanVdOSs0JSmd3Oj8HObTgTsTP4UecynmaFrVTvX+76hnyLciA6Vb1oetmVjdQTpRJUzJlx/H19p8bLjVlg==",
        "dependencies": {
          "Swashbuckle.AspNetCore.Swagger": "10.2.2"
        }
      },
      "Swashbuckle.AspNetCore.SwaggerUI": {
        "type": "Transitive",
        "resolved": "10.2.2",
        "contentHash": "DVpnuuBQxh95eo+2gQ/HXxrl91Fhe9JIWUW0KxiTV+nLFoJTCyUaJsKpB7kdowDHDk3qnGqF3sZaGrCmAhWCwg=="
      }
    }
  }
}