{
  "version": 1,
  "dependencies": {
    "net9.0": {
      "Microsoft.Extensions.DependencyInjection.Abstractions": {
        "type": "Direct",
        "requested": "[9.0.7, )",
        "resolved": "9.0.7",
        "contentHash": "iPK1FxbGFr2Xb+4Y+dTYI8Gupu9pOi8I3JPuPsrogUmEhe2hzZ9LpCmolMEBhVDo2ikcSr7G5zYiwaapHSQTew=="
      },
      "Microsoft.Testing.Extensions.TrxReport": {
        "type": "Direct",
        "requested": "[1.7.3, )",
        "resolved": "1.7.3",
        "contentHash": "3DSCr80TkVpXG1UALVD2jjAWASnvLbIRRDSNKagily66SSBICB1scuQ8T+2vLPac0HPpiL9NYtcGRNY9x+Ba1g==",
        "dependencies": {
          "Microsoft.Testing.Extensions.TrxReport.Abstractions": "1.7.3",
          "Microsoft.Testing.Platform": "1.7.3"
        }
      },
      "xunit.v3": {
        "type": "Direct",
        "requested": "[2.0.3, )",
        "resolved": "2.0.3",
        "contentHash": "Zx2r5xnUgyAIhI3cvfKaAr7Mj0Enn0zFhaMoTJ2hRYEPJlqlllUkTUvBBYalZQvpXGub/UQWq1nY5erD7Zv1cA==",
        "dependencies": {
          "xunit.analyzers": "1.22.0",
          "xunit.v3.assert": "[2.0.3]",
          "xunit.v3.core": "[2.0.3]"
        }
      },
      "Microsoft.Bcl.AsyncInterfaces": {
        "type": "Transitive",
        "resolved": "6.0.0",
        "contentHash": "UcSjPsst+DfAdJGVDsu346FX0ci0ah+lw3WRtn18NUwEqRt70HaOQ7lI72vy3+1LxtqI3T5GWwV39rQSrCzAeg=="
      },
      "Microsoft.Extensions.Configuration": {
        "type": "Transitive",
        "resolved": "9.0.7",
        "contentHash": "oxGR51+w5cXm5B9gU6XwpAB2sTiyPSmZm7hjvv0rzRnmL5o/KZzE103AuQj7sK26OBupjVzU/bZxDWvvU4nhEg==",
        "dependencies": {
          "Microsoft.Extensions.Configuration.Abstractions": "9.0.7",
          "Microsoft.Extensions.Primitives": "9.0.7"
        }
      },
      "Microsoft.Extensions.Configuration.Abstractions": {
        "type": "Transitive",
        "resolved": "9.0.7",
        "contentHash": "lut/kiVvNsQ120VERMUYSFhpXPpKjjql+giy03LesASPBBcC0o6+aoFdzJH9GaYpFTQ3fGVhVjKjvJDoAW5/IQ==",
        "dependencies": {
          "Microsoft.Extensions.Primitives": "9.0.7"
        }
      },
      "Microsoft.Extensions.Configuration.Binder": {
        "type": "Transitive",
        "resolved": "9.0.7",
        "contentHash": "ExY+zXHhU4o9KC2alp3ZdLWyVWVRSn5INqax5ABk+HEOHlAHzomhJ7ek9HHliyOMiVGoYWYaMFOGr9q59mSAGA==",
        "dependencies": {
          "Microsoft.Extensions.Configuration.Abstractions": "9.0.7"
        }
      },
      "Microsoft.Extensions.DependencyInjection": {
        "type": "Transitive",
        "resolved": "9.0.7",
        "contentHash": "i05AYA91vgq0as84ROVCyltD2gnxaba/f1Qw2rG7mUsS0gv8cPTr1Gm7jPQHq7JTr4MJoQUcanLVs16tIOUJaQ==",
        "dependencies": {
          "Microsoft.Extensions.DependencyInjection.Abstractions": "9.0.7"
        }
      },
      "Microsoft.Extensions.Diagnostics": {
        "type": "Transitive",
        "resolved": "9.0.7",
        "contentHash": "6ykfInm6yw7pPHJACgnrPUXxUWVslFnzad44K/siXk6Ovan6fNMnXxI5X9vphHJuZ4JbMOdPIgsfTmLD+Dyxug==",
        "dependencies": {
          "Microsoft.Extensions.Configuration": "9.0.7",
          "Microsoft.Extensions.Diagnostics.Abstractions": "9.0.7",
          "Microsoft.Extensions.Options.ConfigurationExtensions": "9.0.7"
        }
      },
      "Microsoft.Extensions.Diagnostics.Abstractions": {
        "type": "Transitive",
        "resolved": "9.0.7",
        "contentHash": "d39Ov1JpeWCGLCOTinlaDkujhrSAQ0HFxb7Su1BjhCKBfmDcQ6Ia1i3JI6kd3NFgwi1dexTunu82daDNwt7E6w==",
        "dependencies": {
          "Microsoft.Extensions.DependencyInjection.Abstractions": "9.0.7",
          "Microsoft.Extensions.Options": "9.0.7"
        }
      },
      "Microsoft.Extensions.Http": {
        "type": "Transitive",
        "resolved": "9.0.7",
        "contentHash": "KV2DyFzTyZlrmKBF7IHrg+OhdetkeeByC35vVp50CZogNCbO6c4nzBcjJNnGU0S+CMcrvsN2s8OI5lHwL0wv8A==",
        "dependencies": {
          "Microsoft.Extensions.Configuration.Abstractions": "9.0.7",
          "Microsoft.Extensions.DependencyInjection.Abstractions": "9.0.7",
          "Microsoft.Extensions.Diagnostics": "9.0.7",
          "Microsoft.Extensions.Logging": "9.0.7",
          "Microsoft.Extensions.Logging.Abstractions": "9.0.7",
          "Microsoft.Extensions.Options": "9.0.7"
        }
      },
      "Microsoft.Extensions.Logging": {
        "type": "Transitive",
        "resolved": "9.0.7",
        "contentHash": "fdIeQpXYV8yxSWG03cCbU2Otdrq4NWuhnQLXokWLv3L9YcK055E7u8WFJvP+uuP4CFeCEoqZQL4yPcjuXhCZrg==",
        "dependencies": {
          "Microsoft.Extensions.DependencyInjection": "9.0.7",
          "Microsoft.Extensions.Logging.Abstractions": "9.0.7",
          "Microsoft.Extensions.Options": "9.0.7"
        }
      },
      "Microsoft.Extensions.Logging.Abstractions": {
        "type": "Transitive",
        "resolved": "9.0.7",
        "contentHash": "sMM6NEAdUTE/elJ2wqjOi0iBWqZmSyaTByLF9e8XHv6DRJFFnOe0N+s8Uc6C91E4SboQCfLswaBIZ+9ZXA98AA==",
        "dependencies": {
          "Microsoft.Extensions.DependencyInjection.Abstractions": "9.0.7"
        }
      },
      "Microsoft.Extensions.Options": {
        "type": "Transitive",
        "resolved": "9.0.7",
        "contentHash": "trJnF6cRWgR5uMmHpGoHmM1wOVFdIYlELlkO9zX+RfieK0321Y55zrcs4AaEymKup7dxgEN/uJU25CAcMNQRXw==",
        "dependencies": {
          "Microsoft.Extensions.DependencyInjection.Abstractions": "9.0.7",
          "Microsoft.Extensions.Primitives": "9.0.7"
        }
      },
      "Microsoft.Extensions.Options.ConfigurationExtensions": {
        "type": "Transitive",
        "resolved": "9.0.7",
        "contentHash": "pE/jeAWHEIy/8HsqYA+I1+toTsdvsv+WywAcRoNSvPoFwjOREa8Fqn7D0/i0PbiXsDLFupltTTctliePx8ib4w==",
        "dependencies": {
          "Microsoft.Extensions.Configuration.Abstractions": "9.0.7",
          "Microsoft.Extensions.Configuration.Binder": "9.0.7",
          "Microsoft.Extensions.DependencyInjection.Abstractions": "9.0.7",
          "Microsoft.Extensions.Options": "9.0.7",
          "Microsoft.Extensions.Primitives": "9.0.7"
        }
      },
      "Microsoft.Extensions.Primitives": {
        "type": "Transitive",
        "resolved": "9.0.7",
        "contentHash": "ti/zD9BuuO50IqlvhWQs9GHxkCmoph5BHjGiWKdg2t6Or8XoyAfRJiKag+uvd/fpASnNklfsB01WpZ4fhAe0VQ=="
      },
      "Microsoft.Testing.Extensions.TrxReport.Abstractions": {
        "type": "Transitive",
        "resolved": "1.7.3",
        "contentHash": "dDEETHbX5JQBMIFgBPkX/FmCU4DRQSG+k58QUtz7zTdnEZDafPKH6YHSMoHY3blDiZV/vcSol35Ux3WC7wU+9Q==",
        "dependencies": {
          "Microsoft.Testing.Platform": "1.7.3"
        }
      },
      "Microsoft.Testing.Platform": {
        "type": "Transitive",
        "resolved": "1.7.3",
        "contentHash": "cI6u+CPxv3+07cbSwJVKOfxFrecbjfZnid1fe8EMhyPY4qmsSNnm+hN+GIy8u4JIlrADfrskDiwnScjRzVzJNw=="
      },
      "Microsoft.Testing.Platform.MSBuild": {
        "type": "Transitive",
        "resolved": "1.6.3",
        "contentHash": "PXSYI5Iae29GM5636zOL8PlQD1YyOa9cfzfYLR43hrLjjK7RDJgMTvgAet3oZLgDTvz6pbzABZvhx+S/W5m8YA==",
        "dependencies": {
          "Microsoft.Testing.Platform": "1.6.3"
        }
      },
      "Refit": {
        "type": "Transitive",
        "resolved": "8.0.0",
        "contentHash": "gXRmIy3Va0mwwr8usnqVRQFoFIJaJGlWTTXBlwxIkHB/xwXnq1Ybs1YNA2BM1O4G46JLLlGjg6YOwrTZusuY3Q=="
      },
      "Refit.HttpClientFactory": {
        "type": "Transitive",
        "resolved": "8.0.0",
        "contentHash": "dwtmrqHkhuwDmG9qE8+rNnv6YFo132G1Ma+GCXupZQsdQcMN4U1uYaxoJVanRIPdieQGkQRcdxjkFhwO1LuRoA==",
        "dependencies": {
          "Microsoft.Extensions.Http": "8.0.1",
          "Refit": "8.0.0"
        }
      },
      "System.Net.Http.Json": {
        "type": "Transitive",
        "resolved": "9.0.7",
        "contentHash": "6iEg+UUQYdEhptcYojluXo1vo+cFjsKEry/uhv+X3xUY6enDF0aTKeOaqTStYM5M8Tl4CqCz8+vQFqaJfQskuQ=="
      },
      "System.Text.Json": {
        "type": "Transitive",
        "resolved": "9.0.7",
        "contentHash": "u/lN2FEEXs3ghj2ta8tWA4r2MS9Yni07K7jDmnz8h1UPDf0lIIIEMkWx383Zz4fJjJio7gDl+00RYuQ/7R8ZQw=="
      },
      "TeePee": {
        "type": "Transitive",
        "resolved": "3.0.3",
        "contentHash": "dzbjjUAaaFTdgUo4MAYpV4xu4xt+HAsm7htslHF0Djbp34n46NfUfAyYEQWtR4GFopcseP/XSygsh3MazzKqpw==",
        "dependencies": {
          "Microsoft.Extensions.Http": "9.0.7",
          "System.Net.Http.Json": "9.0.7",
          "System.Text.Json": "9.0.7"
        }
      },
      "xunit.analyzers": {
        "type": "Transitive",
        "resolved": "1.22.0",
        "contentHash": "MXTmnlJLQPSJfgxibeFgpUP5sj+3649BWkf3WgeUhAVUrI3nXzWE+BGH4OPfWkG2Q5x0SzIKgegikNhnfMgaXQ=="
      },
      "xunit.v3.assert": {
        "type": "Transitive",
        "resolved": "2.0.3",
        "contentHash": "6uTT9zLyg7YtP8fAZqOFcCpeGXtsh6K1+QVHHJl/aoQObr2qHvhGMuZbm5UYf4z49ytpQt6NzP6Iq4uWEBBh4g=="
      },
      "xunit.v3.common": {
        "type": "Transitive",
        "resolved": "2.0.3",
        "contentHash": "u3kTB9Fqo6X8keccsW4Zkn87nQNxMNZGm1rjJjCC0yThKP77N8H52Fx6CaochjGeGzEc2w9CUDu7C2ygu61bYg==",
        "dependencies": {
          "Microsoft.Bcl.AsyncInterfaces": "6.0.0"
        }
      },
      "xunit.v3.core": {
        "type": "Transitive",
        "resolved": "2.0.3",
        "contentHash": "KN2xOHNVGXI6AsPKatV9urqVs2YIGQ+2klY6HLys/oQauBVoS2W2+BRZz1rnwoJ+5aK+2+gfe1rLKi8iInT9Ow==",
        "dependencies": {
          "Microsoft.Testing.Platform.MSBuild": "1.6.3",
          "xunit.v3.extensibility.core": "[2.0.3]",
          "xunit.v3.runner.inproc.console": "[2.0.3]"
        }
      },
      "xunit.v3.extensibility.core": {
        "type": "Transitive",
        "resolved": "2.0.3",
        "contentHash": "1uxfWR72veq0b5/3ghEA2zRAkdqmnA9ahCxWr1VEb2q6MBNKx6aHsAL85PyY172f1dsvUMqh7BSelaHsR5Df5w==",
        "dependencies": {
          "xunit.v3.common": "[2.0.3]"
        }
      },
      "xunit.v3.runner.common": {
        "type": "Transitive",
        "resolved": "2.0.3",
        "contentHash": "Q+43ogqiJlWOG3l6Me7iNTm68CvVdX16OsHDoQcKCUEvWXHyiSRGBkcmMAT3OVENH0wS69QHi0q4mb3VsAbclA==",
        "dependencies": {
          "xunit.v3.common": "[2.0.3]"
        }
      },
      "xunit.v3.runner.inproc.console": {
        "type": "Transitive",
        "resolved": "2.0.3",
        "contentHash": "S65IrpHbt9nHotyfs6MnjNsc8bZUMBLHHJcyky4ywDNKx+k07sjwaGb+otLQA4Z6FPCGIPrL7u0ThQm76FxBZw==",
        "dependencies": {
          "Microsoft.Testing.Extensions.TrxReport.Abstractions": "1.6.3",
          "Microsoft.Testing.Platform": "1.6.3",
          "xunit.v3.extensibility.core": "[2.0.3]",
          "xunit.v3.runner.common": "[2.0.3]"
        }
      },
      "teepee.refit": {
        "type": "Project",
        "dependencies": {
          "Refit.HttpClientFactory": "[8.0.0, )",
          "TeePee": "[3.0.3, )"
        }
      }
    }
  }
}