{
  "version": 1,
  "dependencies": {
    "net9.0": {
      "Microsoft.Extensions.DependencyInjection.Abstractions": {
        "type": "Direct",
        "requested": "[9.0.8, )",
        "resolved": "9.0.8",
        "contentHash": "xY3lTjj4+ZYmiKIkyWitddrp1uL5uYiweQjqo4BKBw01ZC4HhcfgLghDpPZcUlppgWAFqFy9SgkiYWOMx365pw=="
      },
      "Microsoft.Testing.Extensions.TrxReport": {
        "type": "Direct",
        "requested": "[1.8.3, )",
        "resolved": "1.8.3",
        "contentHash": "S9W4C3LQe+D+aE2xcrvXmWVi7bKmQUa/n0yuKA8OuOhgjMFROiCnQ0X1MtZGmJmF21An+0Gi4IGyn4qwIFc9CQ==",
        "dependencies": {
          "Microsoft.Testing.Extensions.TrxReport.Abstractions": "1.8.3",
          "Microsoft.Testing.Platform": "1.8.3"
        }
      },
      "xunit.v3": {
        "type": "Direct",
        "requested": "[3.0.1, )",
        "resolved": "3.0.1",
        "contentHash": "8AZKk/iiZAzRhNNq8yB8gcNpA+exGMGi3oodWnn0eI7vCwuuuAxnF6ANQC+q7z6FJoOyjiJnnBhS5YMoPPILjg==",
        "dependencies": {
          "xunit.analyzers": "1.24.0",
          "xunit.v3.assert": "[3.0.1]",
          "xunit.v3.core": "[3.0.1]"
        }
      },
      "Microsoft.Bcl.AsyncInterfaces": {
        "type": "Transitive",
        "resolved": "6.0.0",
        "contentHash": "UcSjPsst+DfAdJGVDsu346FX0ci0ah+lw3WRtn18NUwEqRt70HaOQ7lI72vy3+1LxtqI3T5GWwV39rQSrCzAeg=="
      },
      "Microsoft.Extensions.Configuration": {
        "type": "Transitive",
        "resolved": "9.0.7",
        "contentHash": "oxGR51+w5cXm5B9gU6XwpAB2sTiyPSmZm7hjvv0rzRnmL5o/KZzE103AuQj7sK26OBupjVzU/bZxDWvvU4nhEg==",
        "dependencies": {
          "Microsoft.Extensions.Configuration.Abstractions": "9.0.7",
          "Microsoft.Extensions.Primitives": "9.0.7"
        }
      },
      "Microsoft.Extensions.Configuration.Abstractions": {
        "type": "Transitive",
        "resolved": "9.0.7",
        "contentHash": "lut/kiVvNsQ120VERMUYSFhpXPpKjjql+giy03LesASPBBcC0o6+aoFdzJH9GaYpFTQ3fGVhVjKjvJDoAW5/IQ==",
        "dependencies": {
          "Microsoft.Extensions.Primitives": "9.0.7"
        }
      },
      "Microsoft.Extensions.Configuration.Binder": {
        "type": "Transitive",
        "resolved": "9.0.7",
        "contentHash": "ExY+zXHhU4o9KC2alp3ZdLWyVWVRSn5INqax5ABk+HEOHlAHzomhJ7ek9HHliyOMiVGoYWYaMFOGr9q59mSAGA==",
        "dependencies": {
          "Microsoft.Extensions.Configuration.Abstractions": "9.0.7"
        }
      },
      "Microsoft.Extensions.DependencyInjection": {
        "type": "Transitive",
        "resolved": "9.0.7",
        "contentHash": "i05AYA91vgq0as84ROVCyltD2gnxaba/f1Qw2rG7mUsS0gv8cPTr1Gm7jPQHq7JTr4MJoQUcanLVs16tIOUJaQ==",
        "dependencies": {
          "Microsoft.Extensions.DependencyInjection.Abstractions": "9.0.7"
        }
      },
      "Microsoft.Extensions.Diagnostics": {
        "type": "Transitive",
        "resolved": "9.0.7",
        "contentHash": "6ykfInm6yw7pPHJACgnrPUXxUWVslFnzad44K/siXk6Ovan6fNMnXxI5X9vphHJuZ4JbMOdPIgsfTmLD+Dyxug==",
        "dependencies": {
          "Microsoft.Extensions.Configuration": "9.0.7",
          "Microsoft.Extensions.Diagnostics.Abstractions": "9.0.7",
          "Microsoft.Extensions.Options.ConfigurationExtensions": "9.0.7"
        }
      },
      "Microsoft.Extensions.Diagnostics.Abstractions": {
        "type": "Transitive",
        "resolved": "9.0.7",
        "contentHash": "d39Ov1JpeWCGLCOTinlaDkujhrSAQ0HFxb7Su1BjhCKBfmDcQ6Ia1i3JI6kd3NFgwi1dexTunu82daDNwt7E6w==",
        "dependencies": {
          "Microsoft.Extensions.DependencyInjection.Abstractions": "9.0.7",
          "Microsoft.Extensions.Options": "9.0.7"
        }
      },
      "Microsoft.Extensions.Http": {
        "type": "Transitive",
        "resolved": "9.0.7",
        "contentHash": "KV2DyFzTyZlrmKBF7IHrg+OhdetkeeByC35vVp50CZogNCbO6c4nzBcjJNnGU0S+CMcrvsN2s8OI5lHwL0wv8A==",
        "dependencies": {
          "Microsoft.Extensions.Configuration.Abstractions": "9.0.7",
          "Microsoft.Extensions.DependencyInjection.Abstractions": "9.0.7",
          "Microsoft.Extensions.Diagnostics": "9.0.7",
          "Microsoft.Extensions.Logging": "9.0.7",
          "Microsoft.Extensions.Logging.Abstractions": "9.0.7",
          "Microsoft.Extensions.Options": "9.0.7"
        }
      },
      "Microsoft.Extensions.Logging": {
        "type": "Transitive",
        "resolved": "9.0.7",
        "contentHash": "fdIeQpXYV8yxSWG03cCbU2Otdrq4NWuhnQLXokWLv3L9YcK055E7u8WFJvP+uuP4CFeCEoqZQL4yPcjuXhCZrg==",
        "dependencies": {
          "Microsoft.Extensions.DependencyInjection": "9.0.7",
          "Microsoft.Extensions.Logging.Abstractions": "9.0.7",
          "Microsoft.Extensions.Options": "9.0.7"
        }
      },
      "Microsoft.Extensions.Logging.Abstractions": {
        "type": "Transitive",
        "resolved": "9.0.7",
        "contentHash": "sMM6NEAdUTE/elJ2wqjOi0iBWqZmSyaTByLF9e8XHv6DRJFFnOe0N+s8Uc6C91E4SboQCfLswaBIZ+9ZXA98AA==",
        "dependencies": {
          "Microsoft.Extensions.DependencyInjection.Abstractions": "9.0.7"
        }
      },
      "Microsoft.Extensions.Options": {
        "type": "Transitive",
        "resolved": "9.0.7",
        "contentHash": "trJnF6cRWgR5uMmHpGoHmM1wOVFdIYlELlkO9zX+RfieK0321Y55zrcs4AaEymKup7dxgEN/uJU25CAcMNQRXw==",
        "dependencies": {
          "Microsoft.Extensions.DependencyInjection.Abstractions": "9.0.7",
          "Microsoft.Extensions.Primitives": "9.0.7"
        }
      },
      "Microsoft.Extensions.Options.ConfigurationExtensions": {
        "type": "Transitive",
        "resolved": "9.0.7",
        "contentHash": "pE/jeAWHEIy/8HsqYA+I1+toTsdvsv+WywAcRoNSvPoFwjOREa8Fqn7D0/i0PbiXsDLFupltTTctliePx8ib4w==",
        "dependencies": {
          "Microsoft.Extensions.Configuration.Abstractions": "9.0.7",
          "Microsoft.Extensions.Configuration.Binder": "9.0.7",
          "Microsoft.Extensions.DependencyInjection.Abstractions": "9.0.7",
          "Microsoft.Extensions.Options": "9.0.7",
          "Microsoft.Extensions.Primitives": "9.0.7"
        }
      },
      "Microsoft.Extensions.Primitives": {
        "type": "Transitive",
        "resolved": "9.0.7",
        "contentHash": "ti/zD9BuuO50IqlvhWQs9GHxkCmoph5BHjGiWKdg2t6Or8XoyAfRJiKag+uvd/fpASnNklfsB01WpZ4fhAe0VQ=="
      },
      "Microsoft.NETCore.Platforms": {
        "type": "Transitive",
        "resolved": "5.0.0",
        "contentHash": "VyPlqzH2wavqquTcYpkIIAQ6WdenuKoFN0BdYBbCWsclXacSOHNQn66Gt4z5NBqEYW0FAPm5rlvki9ZiCij5xQ=="
      },
      "Microsoft.Testing.Extensions.TrxReport.Abstractions": {
        "type": "Transitive",
        "resolved": "1.8.3",
        "contentHash": "9hD1a6C4dhhFrR/opeayr1mPwrGueTKEFEe5bycKoZZ0LxW5NuLo8MtwTAMg5GIDVYmEd+oSPyF4emcFSP5LFw==",
        "dependencies": {
          "Microsoft.Testing.Platform": "1.8.3"
        }
      },
      "Microsoft.Testing.Platform": {
        "type": "Transitive",
        "resolved": "1.8.3",
        "contentHash": "oUKlez2HZ+AJxc6ScPSc8WJrbjr/U+in4ftz2MBY1+xvwmCacA+7jce5AkUk9Khte5SrFZolskVkCq7BitfbVA=="
      },
      "Microsoft.Testing.Platform.MSBuild": {
        "type": "Transitive",
        "resolved": "1.8.2",
        "contentHash": "xL7h/wZR6NpzZrFqUMwE6Sa9i7jEPmxPHl11EG9iG1Szh3IHvhJkbmlKG74pm9YLnEysjVYFuA+ExBHxqQp8fg==",
        "dependencies": {
          "Microsoft.Testing.Platform": "1.8.2"
        }
      },
      "Microsoft.Win32.Registry": {
        "type": "Transitive",
        "resolved": "5.0.0",
        "contentHash": "dDoKi0PnDz31yAyETfRntsLArTlVAVzUzCIvvEDsDsucrl33Dl8pIJG06ePTJTI3tGpeyHS9Cq7Foc/s4EeKcg==",
        "dependencies": {
          "System.Security.AccessControl": "5.0.0",
          "System.Security.Principal.Windows": "5.0.0"
        }
      },
      "Refit": {
        "type": "Transitive",
        "resolved": "8.0.0",
        "contentHash": "gXRmIy3Va0mwwr8usnqVRQFoFIJaJGlWTTXBlwxIkHB/xwXnq1Ybs1YNA2BM1O4G46JLLlGjg6YOwrTZusuY3Q=="
      },
      "Refit.HttpClientFactory": {
        "type": "Transitive",
        "resolved": "8.0.0",
        "contentHash": "dwtmrqHkhuwDmG9qE8+rNnv6YFo132G1Ma+GCXupZQsdQcMN4U1uYaxoJVanRIPdieQGkQRcdxjkFhwO1LuRoA==",
        "dependencies": {
          "Microsoft.Extensions.Http": "8.0.1",
          "Refit": "8.0.0"
        }
      },
      "System.Net.Http.Json": {
        "type": "Transitive",
        "resolved": "9.0.7",
        "contentHash": "6iEg+UUQYdEhptcYojluXo1vo+cFjsKEry/uhv+X3xUY6enDF0aTKeOaqTStYM5M8Tl4CqCz8+vQFqaJfQskuQ=="
      },
      "System.Security.AccessControl": {
        "type": "Transitive",
        "resolved": "5.0.0",
        "contentHash": "dagJ1mHZO3Ani8GH0PHpPEe/oYO+rVdbQjvjJkBRNQkX4t0r1iaeGn8+/ybkSLEan3/slM0t59SVdHzuHf2jmw==",
        "dependencies": {
          "Microsoft.NETCore.Platforms": "5.0.0",
          "System.Security.Principal.Windows": "5.0.0"
        }
      },
      "System.Security.Principal.Windows": {
        "type": "Transitive",
        "resolved": "5.0.0",
        "contentHash": "t0MGLukB5WAVU9bO3MGzvlGnyJPgUlcwerXn1kzBRjwLKixT96XV0Uza41W49gVd8zEMFu9vQEFlv0IOrytICA=="
      },
      "System.Text.Json": {
        "type": "Transitive",
        "resolved": "9.0.7",
        "contentHash": "u/lN2FEEXs3ghj2ta8tWA4r2MS9Yni07K7jDmnz8h1UPDf0lIIIEMkWx383Zz4fJjJio7gDl+00RYuQ/7R8ZQw=="
      },
      "TeePee": {
        "type": "Transitive",
        "resolved": "3.0.4",
        "contentHash": "EkiA6IzABaUm9ecCXp2cLp540jFWjFyjNwUxOMU/brh1IFvS8puNjaIKA3toJ0mnLGABXRBGKq5OGPhv8euQoA==",
        "dependencies": {
          "Microsoft.Extensions.Http": "9.0.7",
          "System.Net.Http.Json": "9.0.7",
          "System.Text.Json": "9.0.7"
        }
      },
      "xunit.analyzers": {
        "type": "Transitive",
        "resolved": "1.24.0",
        "contentHash": "kxaoMFFZcQ+mJudaKKlt3gCqV6M6Gjbka0NEs8JFDrxn52O7w5OOnYfSYVfqusk8p7pxrGdjgaQHlGINsNZHAQ=="
      },
      "xunit.v3.assert": {
        "type": "Transitive",
        "resolved": "3.0.1",
        "contentHash": "3h6AbEcfEsFn9RLjlG5yCTqEjgDHwMXRkNEhpGjAWMM68uHKWeItPbqzWj8P260gDT9NxPFfZRf3huYNnOlLRA=="
      },
      "xunit.v3.common": {
        "type": "Transitive",
        "resolved": "3.0.1",
        "contentHash": "tL/lcgOHhPw4eb7Vx2WM97JFxW1WM9E0XNTra8UFQWdO9xtR7IXhVIZ6V4uXz5aApZ1FvdrrklImh+xneyrXmw==",
        "dependencies": {
          "Microsoft.Bcl.AsyncInterfaces": "6.0.0"
        }
      },
      "xunit.v3.core": {
        "type": "Transitive",
        "resolved": "3.0.1",
        "contentHash": "Gm6+sQi0LDIqEaWeB2ML0Hy9maYyr3JmptEylXcWpDn3MaUAcxkshZa1Jq60YrqHGG1gVoyCBHYJRd2pEjRs2A==",
        "dependencies": {
          "Microsoft.Testing.Platform.MSBuild": "1.8.2",
          "xunit.v3.extensibility.core": "[3.0.1]",
          "xunit.v3.runner.inproc.console": "[3.0.1]"
        }
      },
      "xunit.v3.extensibility.core": {
        "type": "Transitive",
        "resolved": "3.0.1",
        "contentHash": "rud2rEHLGkPGeKc+O9OiUVWhLh8enjHYrlMlSgPfGQmUaLzGDoT7IjJcbyyDFJm8jEbWC2iOe6evqyw0ZfZWcA==",
        "dependencies": {
          "xunit.v3.common": "[3.0.1]"
        }
      },
      "xunit.v3.runner.common": {
        "type": "Transitive",
        "resolved": "3.0.1",
        "contentHash": "r3jg64kY+8rGwG4IBq1+ELDlXvolcgvf707+Un8AeC6tmVsymOt6H00Kiptf3iPqjsnE3WsFJROI5XowdrbmAQ==",
        "dependencies": {
          "Microsoft.Win32.Registry": "[5.0.0]",
          "xunit.v3.common": "[3.0.1]"
        }
      },
      "xunit.v3.runner.inproc.console": {
        "type": "Transitive",
        "resolved": "3.0.1",
        "contentHash": "eV9DTPLuMmzQwMTPAkSHijBQUVLu6IoA1+/PkmtMFbU+EqA0EDriZ266EhlRBk7v+ymP8hliSQW/bGXJQEOBFw==",
        "dependencies": {
          "Microsoft.Testing.Extensions.TrxReport.Abstractions": "1.8.2",
          "Microsoft.Testing.Platform": "1.8.2",
          "xunit.v3.extensibility.core": "[3.0.1]",
          "xunit.v3.runner.common": "[3.0.1]"
        }
      },
      "teepee.refit": {
        "type": "Project",
        "dependencies": {
          "Refit.HttpClientFactory": "[8.0.0, )",
          "TeePee": "[3.0.4, )"
        }
      }
    }
  }
}