{
  "version": 1,
  "dependencies": {
    "net9.0": {
      "BenchmarkDotNet": {
        "type": "Direct",
        "requested": "[0.15.2, )",
        "resolved": "0.15.2",
        "contentHash": "5vl4nQFUGTKgOVE5LNoLpv/X/wFQ7wE5yiaJAXCpzgNtUADtfEwbuufKI4o5E2De0VTXNEeom5Hnv8S8vuBZtg==",
        "dependencies": {
          "BenchmarkDotNet.Annotations": "0.15.2",
          "CommandLineParser": "2.9.1",
          "Gee.External.Capstone": "2.3.0",
          "Iced": "1.21.0",
          "Microsoft.CodeAnalysis.CSharp": "4.14.0",
          "Microsoft.Diagnostics.Runtime": "3.1.512801",
          "Microsoft.Diagnostics.Tracing.TraceEvent": "3.1.21",
          "Microsoft.DotNet.PlatformAbstractions": "3.1.6",
          "Perfolizer": "[0.5.3]",
          "System.Management": "9.0.5"
        }
      },
      "BenchmarkDotNet.Annotations": {
        "type": "Transitive",
        "resolved": "0.15.2",
        "contentHash": "a7rVlVmXQRrp3J+HF/FtjwiFcshU6BAuv6U1xtAbqCUYepOEnNGaPeOFvy4It17QZwwofm6U/GAfW3JrFMXszg=="
      },
      "CommandLineParser": {
        "type": "Transitive",
        "resolved": "2.9.1",
        "contentHash": "OE0sl1/sQ37bjVsPKKtwQlWDgqaxWgtme3xZz7JssWUzg5JpMIyHgCTY9MVMxOg48fJ1AgGT3tgdH5m/kQ5xhA=="
      },
      "Gee.External.Capstone": {
        "type": "Transitive",
        "resolved": "2.3.0",
        "contentHash": "2ap/rYmjtzCOT8hxrnEW/QeiOt+paD8iRrIcdKX0cxVwWLFa1e+JDBNeECakmccXrSFeBQuu5AV8SNkipFMMMw=="
      },
      "Iced": {
        "type": "Transitive",
        "resolved": "1.21.0",
        "contentHash": "dv5+81Q1TBQvVMSOOOmRcjJmvWcX3BZPZsIq31+RLc5cNft0IHAyNlkdb7ZarOWG913PyBoFDsDXoCIlKmLclg=="
      },
      "Microsoft.CodeAnalysis.Analyzers": {
        "type": "Transitive",
        "resolved": "3.11.0",
        "contentHash": "v/EW3UE8/lbEYHoC2Qq7AR/DnmvpgdtAMndfQNmpuIMx/Mto8L5JnuCfdBYtgvalQOtfNCnxFejxuRrryvUTsg=="
      },
      "Microsoft.CodeAnalysis.Common": {
        "type": "Transitive",
        "resolved": "4.14.0",
        "contentHash": "PC3tuwZYnC+idaPuoC/AZpEdwrtX7qFpmnrfQkgobGIWiYmGi5MCRtl5mx6QrfMGQpK78X2lfIEoZDLg/qnuHg==",
        "dependencies": {
          "Microsoft.CodeAnalysis.Analyzers": "3.11.0",
          "System.Collections.Immutable": "9.0.0",
          "System.Reflection.Metadata": "9.0.0"
        }
      },
      "Microsoft.CodeAnalysis.CSharp": {
        "type": "Transitive",
        "resolved": "4.14.0",
        "contentHash": "568a6wcTivauIhbeWcCwfWwIn7UV7MeHEBvFB2uzGIpM2OhJ4eM/FZ8KS0yhPoNxnSpjGzz7x7CIjTxhslojQA==",
        "dependencies": {
          "Microsoft.CodeAnalysis.Analyzers": "3.11.0",
          "Microsoft.CodeAnalysis.Common": "[4.14.0]",
          "System.Collections.Immutable": "9.0.0",
          "System.Reflection.Metadata": "9.0.0"
        }
      },
      "Microsoft.Diagnostics.NETCore.Client": {
        "type": "Transitive",
        "resolved": "0.2.510501",
        "contentHash": "juoqJYMDs+lRrrZyOkXXMImJHneCF23cuvO4waFRd2Ds7j+ZuGIPbJm0Y/zz34BdeaGiiwGWraMUlln05W1PCQ==",
        "dependencies": {
          "Microsoft.Extensions.Logging": "6.0.0"
        }
      },
      "Microsoft.Diagnostics.Runtime": {
        "type": "Transitive",
        "resolved": "3.1.512801",
        "contentHash": "0lMUDr2oxNZa28D6NH5BuSQEe5T9tZziIkvkD44YkkCGQXPJqvFjLq5ZQq1hYLl3RjQJrY+hR0jFgap+EWPDTw==",
        "dependencies": {
          "Microsoft.Diagnostics.NETCore.Client": "0.2.410101"
        }
      },
      "Microsoft.Diagnostics.Tracing.TraceEvent": {
        "type": "Transitive",
        "resolved": "3.1.21",
        "contentHash": "/OrJFKaojSR6TkUKtwh8/qA9XWNtxLrXMqvEb89dBSKCWjaGVTbKMYodIUgF5deCEtmd6GXuRerciXGl5bhZ7Q==",
        "dependencies": {
          "Microsoft.Diagnostics.NETCore.Client": "0.2.510501",
          "Microsoft.Win32.Registry": "5.0.0",
          "System.Collections.Immutable": "8.0.0",
          "System.Reflection.Metadata": "8.0.0",
          "System.Reflection.TypeExtensions": "4.7.0",
          "System.Runtime.CompilerServices.Unsafe": "6.0.0",
          "System.Text.Json": "8.0.5"
        }
      },
      "Microsoft.DotNet.PlatformAbstractions": {
        "type": "Transitive",
        "resolved": "3.1.6",
        "contentHash": "jek4XYaQ/PGUwDKKhwR8K47Uh1189PFzMeLqO83mXrXQVIpARZCcfuDedH50YDTepBkfijCZN5U/vZi++erxtg=="
      },
      "Microsoft.Extensions.Configuration": {
        "type": "Transitive",
        "resolved": "9.0.7",
        "contentHash": "oxGR51+w5cXm5B9gU6XwpAB2sTiyPSmZm7hjvv0rzRnmL5o/KZzE103AuQj7sK26OBupjVzU/bZxDWvvU4nhEg==",
        "dependencies": {
          "Microsoft.Extensions.Configuration.Abstractions": "9.0.7",
          "Microsoft.Extensions.Primitives": "9.0.7"
        }
      },
      "Microsoft.Extensions.Configuration.Abstractions": {
        "type": "Transitive",
        "resolved": "9.0.7",
        "contentHash": "lut/kiVvNsQ120VERMUYSFhpXPpKjjql+giy03LesASPBBcC0o6+aoFdzJH9GaYpFTQ3fGVhVjKjvJDoAW5/IQ==",
        "dependencies": {
          "Microsoft.Extensions.Primitives": "9.0.7"
        }
      },
      "Microsoft.Extensions.Configuration.Binder": {
        "type": "Transitive",
        "resolved": "9.0.7",
        "contentHash": "ExY+zXHhU4o9KC2alp3ZdLWyVWVRSn5INqax5ABk+HEOHlAHzomhJ7ek9HHliyOMiVGoYWYaMFOGr9q59mSAGA==",
        "dependencies": {
          "Microsoft.Extensions.Configuration.Abstractions": "9.0.7"
        }
      },
      "Microsoft.Extensions.DependencyInjection": {
        "type": "Transitive",
        "resolved": "9.0.7",
        "contentHash": "i05AYA91vgq0as84ROVCyltD2gnxaba/f1Qw2rG7mUsS0gv8cPTr1Gm7jPQHq7JTr4MJoQUcanLVs16tIOUJaQ==",
        "dependencies": {
          "Microsoft.Extensions.DependencyInjection.Abstractions": "9.0.7"
        }
      },
      "Microsoft.Extensions.DependencyInjection.Abstractions": {
        "type": "Transitive",
        "resolved": "9.0.7",
        "contentHash": "iPK1FxbGFr2Xb+4Y+dTYI8Gupu9pOi8I3JPuPsrogUmEhe2hzZ9LpCmolMEBhVDo2ikcSr7G5zYiwaapHSQTew=="
      },
      "Microsoft.Extensions.Diagnostics": {
        "type": "Transitive",
        "resolved": "9.0.7",
        "contentHash": "6ykfInm6yw7pPHJACgnrPUXxUWVslFnzad44K/siXk6Ovan6fNMnXxI5X9vphHJuZ4JbMOdPIgsfTmLD+Dyxug==",
        "dependencies": {
          "Microsoft.Extensions.Configuration": "9.0.7",
          "Microsoft.Extensions.Diagnostics.Abstractions": "9.0.7",
          "Microsoft.Extensions.Options.ConfigurationExtensions": "9.0.7"
        }
      },
      "Microsoft.Extensions.Diagnostics.Abstractions": {
        "type": "Transitive",
        "resolved": "9.0.7",
        "contentHash": "d39Ov1JpeWCGLCOTinlaDkujhrSAQ0HFxb7Su1BjhCKBfmDcQ6Ia1i3JI6kd3NFgwi1dexTunu82daDNwt7E6w==",
        "dependencies": {
          "Microsoft.Extensions.DependencyInjection.Abstractions": "9.0.7",
          "Microsoft.Extensions.Options": "9.0.7"
        }
      },
      "Microsoft.Extensions.Http": {
        "type": "Transitive",
        "resolved": "9.0.7",
        "contentHash": "KV2DyFzTyZlrmKBF7IHrg+OhdetkeeByC35vVp50CZogNCbO6c4nzBcjJNnGU0S+CMcrvsN2s8OI5lHwL0wv8A==",
        "dependencies": {
          "Microsoft.Extensions.Configuration.Abstractions": "9.0.7",
          "Microsoft.Extensions.DependencyInjection.Abstractions": "9.0.7",
          "Microsoft.Extensions.Diagnostics": "9.0.7",
          "Microsoft.Extensions.Logging": "9.0.7",
          "Microsoft.Extensions.Logging.Abstractions": "9.0.7",
          "Microsoft.Extensions.Options": "9.0.7"
        }
      },
      "Microsoft.Extensions.Logging": {
        "type": "Transitive",
        "resolved": "9.0.7",
        "contentHash": "fdIeQpXYV8yxSWG03cCbU2Otdrq4NWuhnQLXokWLv3L9YcK055E7u8WFJvP+uuP4CFeCEoqZQL4yPcjuXhCZrg==",
        "dependencies": {
          "Microsoft.Extensions.DependencyInjection": "9.0.7",
          "Microsoft.Extensions.Logging.Abstractions": "9.0.7",
          "Microsoft.Extensions.Options": "9.0.7"
        }
      },
      "Microsoft.Extensions.Logging.Abstractions": {
        "type": "Transitive",
        "resolved": "9.0.7",
        "contentHash": "sMM6NEAdUTE/elJ2wqjOi0iBWqZmSyaTByLF9e8XHv6DRJFFnOe0N+s8Uc6C91E4SboQCfLswaBIZ+9ZXA98AA==",
        "dependencies": {
          "Microsoft.Extensions.DependencyInjection.Abstractions": "9.0.7"
        }
      },
      "Microsoft.Extensions.Options": {
        "type": "Transitive",
        "resolved": "9.0.7",
        "contentHash": "trJnF6cRWgR5uMmHpGoHmM1wOVFdIYlELlkO9zX+RfieK0321Y55zrcs4AaEymKup7dxgEN/uJU25CAcMNQRXw==",
        "dependencies": {
          "Microsoft.Extensions.DependencyInjection.Abstractions": "9.0.7",
          "Microsoft.Extensions.Primitives": "9.0.7"
        }
      },
      "Microsoft.Extensions.Options.ConfigurationExtensions": {
        "type": "Transitive",
        "resolved": "9.0.7",
        "contentHash": "pE/jeAWHEIy/8HsqYA+I1+toTsdvsv+WywAcRoNSvPoFwjOREa8Fqn7D0/i0PbiXsDLFupltTTctliePx8ib4w==",
        "dependencies": {
          "Microsoft.Extensions.Configuration.Abstractions": "9.0.7",
          "Microsoft.Extensions.Configuration.Binder": "9.0.7",
          "Microsoft.Extensions.DependencyInjection.Abstractions": "9.0.7",
          "Microsoft.Extensions.Options": "9.0.7",
          "Microsoft.Extensions.Primitives": "9.0.7"
        }
      },
      "Microsoft.Extensions.Primitives": {
        "type": "Transitive",
        "resolved": "9.0.7",
        "contentHash": "ti/zD9BuuO50IqlvhWQs9GHxkCmoph5BHjGiWKdg2t6Or8XoyAfRJiKag+uvd/fpASnNklfsB01WpZ4fhAe0VQ=="
      },
      "Microsoft.NETCore.Platforms": {
        "type": "Transitive",
        "resolved": "5.0.0",
        "contentHash": "VyPlqzH2wavqquTcYpkIIAQ6WdenuKoFN0BdYBbCWsclXacSOHNQn66Gt4z5NBqEYW0FAPm5rlvki9ZiCij5xQ=="
      },
      "Microsoft.Win32.Registry": {
        "type": "Transitive",
        "resolved": "5.0.0",
        "contentHash": "dDoKi0PnDz31yAyETfRntsLArTlVAVzUzCIvvEDsDsucrl33Dl8pIJG06ePTJTI3tGpeyHS9Cq7Foc/s4EeKcg==",
        "dependencies": {
          "System.Security.AccessControl": "5.0.0",
          "System.Security.Principal.Windows": "5.0.0"
        }
      },
      "Perfolizer": {
        "type": "Transitive",
        "resolved": "0.5.3",
        "contentHash": "EhHo0s4y+tHJKhZHgQvPgFWhAhnQpHHuFzutRzfqfv5z763wvhzXh849ZtpVePQNxXWoFafh1Ta2tZgnSIVsYQ=="
      },
      "System.CodeDom": {
        "type": "Transitive",
        "resolved": "9.0.5",
        "contentHash": "cuzLM2MWutf9ZBEMPYYfd0DXwYdvntp7VCT6a/wvbKCa2ZuvGmW74xi+YBa2mrfEieAXqM4TNKlMmSnfAfpUoQ=="
      },
      "System.Collections.Immutable": {
        "type": "Transitive",
        "resolved": "9.0.0",
        "contentHash": "QhkXUl2gNrQtvPmtBTQHb0YsUrDiDQ2QS09YbtTTiSjGcf7NBqtYbrG/BE06zcBPCKEwQGzIv13IVdXNOSub2w=="
      },
      "System.Management": {
        "type": "Transitive",
        "resolved": "9.0.5",
        "contentHash": "n6o9PZm9p25+zAzC3/48K0oHnaPKTInRrxqFq1fi/5TPbMLjuoCm/h//mS3cUmSy+9AO1Z+qsC/Ilt/ZFatv5Q==",
        "dependencies": {
          "System.CodeDom": "9.0.5"
        }
      },
      "System.Net.Http.Json": {
        "type": "Transitive",
        "resolved": "9.0.7",
        "contentHash": "6iEg+UUQYdEhptcYojluXo1vo+cFjsKEry/uhv+X3xUY6enDF0aTKeOaqTStYM5M8Tl4CqCz8+vQFqaJfQskuQ=="
      },
      "System.Reflection.Metadata": {
        "type": "Transitive",
        "resolved": "9.0.0",
        "contentHash": "ANiqLu3DxW9kol/hMmTWbt3414t9ftdIuiIU7j80okq2YzAueo120M442xk1kDJWtmZTqWQn7wHDvMRipVOEOQ=="
      },
      "System.Reflection.TypeExtensions": {
        "type": "Transitive",
        "resolved": "4.7.0",
        "contentHash": "VybpaOQQhqE6siHppMktjfGBw1GCwvCqiufqmP8F1nj7fTUNtW35LOEt3UZTEsECfo+ELAl/9o9nJx3U91i7vA=="
      },
      "System.Runtime.CompilerServices.Unsafe": {
        "type": "Transitive",
        "resolved": "6.0.0",
        "contentHash": "/iUeP3tq1S0XdNNoMz5C9twLSrM/TH+qElHkXWaPvuNOt+99G75NrV0OS2EqHx5wMN7popYjpc8oTjC1y16DLg=="
      },
      "System.Security.AccessControl": {
        "type": "Transitive",
        "resolved": "5.0.0",
        "contentHash": "dagJ1mHZO3Ani8GH0PHpPEe/oYO+rVdbQjvjJkBRNQkX4t0r1iaeGn8+/ybkSLEan3/slM0t59SVdHzuHf2jmw==",
        "dependencies": {
          "Microsoft.NETCore.Platforms": "5.0.0",
          "System.Security.Principal.Windows": "5.0.0"
        }
      },
      "System.Security.Principal.Windows": {
        "type": "Transitive",
        "resolved": "5.0.0",
        "contentHash": "t0MGLukB5WAVU9bO3MGzvlGnyJPgUlcwerXn1kzBRjwLKixT96XV0Uza41W49gVd8zEMFu9vQEFlv0IOrytICA=="
      },
      "System.Text.Json": {
        "type": "Transitive",
        "resolved": "9.0.7",
        "contentHash": "u/lN2FEEXs3ghj2ta8tWA4r2MS9Yni07K7jDmnz8h1UPDf0lIIIEMkWx383Zz4fJjJio7gDl+00RYuQ/7R8ZQw=="
      },
      "teepee": {
        "type": "Project",
        "dependencies": {
          "Microsoft.Extensions.Http": "[9.0.7, )",
          "System.Net.Http.Json": "[9.0.7, )",
          "System.Text.Json": "[9.0.7, )"
        }
      }
    }
  }
}